
Microsoft Visual Studio Solution File, Format Version 12.00
# Visual Studio 15
VisualStudioVersion = 15.0.28307.102
MinimumVisualStudioVersion = 10.0.40219.1
Project("{FAE04EC0-301F-11D3-BF4B-00C04F79EFBC}") = "smarttrack.Android", "smarttrack\smarttrack.Android\smarttrack.Android.csproj", "{81C431AC-A5B0-433D-8F15-AC9A607D2BB0}"
EndProject
Project("{FAE04EC0-301F-11D3-BF4B-00C04F79EFBC}") = "smarttrack.iOS", "smarttrack\smarttrack.iOS\smarttrack.iOS.csproj", "{DAD5EBEF-6E6F-4406-AC79-3EF8F1A019B9}"
EndProject
Project("{FAE04EC0-301F-11D3-BF4B-00C04F79EFBC}") = "smarttrack", "smarttrack\smarttrack\smarttrack.csproj", "{B46E4DF5-F8E4-4D96-B61C-4394EFDFAB1D}"
EndProject
Global
	GlobalSection(SolutionConfigurationPlatforms) = preSolution
		Ad-Hoc|Any CPU = Ad-Hoc|Any CPU
		Ad-Hoc|iPhone = Ad-Hoc|iPhone
		Ad-Hoc|iPhoneSimulator = Ad-Hoc|iPhoneSimulator
		AppStore|Any CPU = AppStore|Any CPU
		AppStore|iPhone = AppStore|iPhone
		AppStore|iPhoneSimulator = AppStore|iPhoneSimulator
		Debug|Any CPU = Debug|Any CPU
		Debug|iPhone = Debug|iPhone
		Debug|iPhoneSimulator = Debug|iPhoneSimulator
		Release|Any CPU = Release|Any CPU
		Release|iPhone = Release|iPhone
		Release|iPhoneSimulator = Release|iPhoneSimulator
	EndGlobalSection
	GlobalSection(ProjectConfigurationPlatforms) = postSolution
		{81C431AC-A5B0-433D-8F15-AC9A607D2BB0}.Ad-Hoc|Any CPU.ActiveCfg = Release|Any CPU
		{81C431AC-A5B0-433D-8F15-AC9A607D2BB0}.Ad-Hoc|Any CPU.Build.0 = Release|Any CPU
		{81C431AC-A5B0-433D-8F15-AC9A607D2BB0}.Ad-Hoc|Any CPU.Deploy.0 = Release|Any CPU
		{81C431AC-A5B0-433D-8F15-AC9A607D2BB0}.Ad-Hoc|iPhone.ActiveCfg = Release|Any CPU
		{81C431AC-A5B0-433D-8F15-AC9A607D2BB0}.Ad-Hoc|iPhone.Build.0 = Release|Any CPU
		{81C431AC-A5B0-433D-8F15-AC9A607D2BB0}.Ad-Hoc|iPhone.Deploy.0 = Release|Any CPU
		{81C431AC-A5B0-433D-8F15-AC9A607D2BB0}.Ad-Hoc|iPhoneSimulator.ActiveCfg = Release|Any CPU
		{81C431AC-A5B0-433D-8F15-AC9A607D2BB0}.Ad-Hoc|iPhoneSimulator.Build.0 = Release|Any CPU
		{81C431AC-A5B0-433D-8F15-AC9A607D2BB0}.Ad-Hoc|iPhoneSimulator.Deploy.0 = Release|Any CPU
		{81C431AC-A5B0-433D-8F15-AC9A607D2BB0}.AppStore|Any CPU.ActiveCfg = Release|Any CPU
		{81C431AC-A5B0-433D-8F15-AC9A607D2BB0}.AppStore|Any CPU.Build.0 = Release|Any CPU
		{81C431AC-A5B0-433D-8F15-AC9A607D2BB0}.AppStore|Any CPU.Deploy.0 = Release|Any CPU
		{81C431AC-A5B0-433D-8F15-AC9A607D2BB0}.AppStore|iPhone.ActiveCfg = Release|Any CPU
		{81C431AC-A5B0-433D-8F15-AC9A607D2BB0}.AppStore|iPhone.Build.0 = Release|Any CPU
		{81C431AC-A5B0-433D-8F15-AC9A607D2BB0}.AppStore|iPhone.Deploy.0 = Release|Any CPU
		{81C431AC-A5B0-433D-8F15-AC9A607D2BB0}.AppStore|iPhoneSimulator.ActiveCfg = Release|Any CPU
		{81C431AC-A5B0-433D-8F15-AC9A607D2BB0}.AppStore|iPhoneSimulator.Build.0 = Release|Any CPU
		{81C431AC-A5B0-433D-8F15-AC9A607D2BB0}.AppStore|iPhoneSimulator.Deploy.0 = Release|Any CPU
		{81C431AC-A5B0-433D-8F15-AC9A607D2BB0}.Debug|Any CPU.ActiveCfg = Debug|Any CPU
		{81C431AC-A5B0-433D-8F15-AC9A607D2BB0}.Debug|Any CPU.Build.0 = Debug|Any CPU
		{81C431AC-A5B0-433D-8F15-AC9A607D2BB0}.Debug|Any CPU.Deploy.0 = Debug|Any CPU
		{81C431AC-A5B0-433D-8F15-AC9A607D2BB0}.Debug|iPhone.ActiveCfg = Debug|Any CPU
		{81C431AC-A5B0-433D-8F15-AC9A607D2BB0}.Debug|iPhone.Build.0 = Debug|Any CPU
		{81C431AC-A5B0-433D-8F15-AC9A607D2BB0}.Debug|iPhone.Deploy.0 = Debug|Any CPU
		{81C431AC-A5B0-433D-8F15-AC9A607D2BB0}.Debug|iPhoneSimulator.ActiveCfg = Debug|Any CPU
		{81C431AC-A5B0-433D-8F15-AC9A607D2BB0}.Debug|iPhoneSimulator.Build.0 = Debug|Any CPU
		{81C431AC-A5B0-433D-8F15-AC9A607D2BB0}.Debug|iPhoneSimulator.Deploy.0 = Debug|Any CPU
		{81C431AC-A5B0-433D-8F15-AC9A607D2BB0}.Release|Any CPU.ActiveCfg = Release|Any CPU
		{81C431AC-A5B0-433D-8F15-AC9A607D2BB0}.Release|Any CPU.Build.0 = Release|Any CPU
		{81C431AC-A5B0-433D-8F15-AC9A607D2BB0}.Release|Any CPU.Deploy.0 = Release|Any CPU
		{81C431AC-A5B0-433D-8F15-AC9A607D2BB0}.Release|iPhone.ActiveCfg = Release|Any CPU
		{81C431AC-A5B0-433D-8F15-AC9A607D2BB0}.Release|iPhone.Build.0 = Release|Any CPU
		{81C431AC-A5B0-433D-8F15-AC9A607D2BB0}.Release|iPhone.Deploy.0 = Release|Any CPU
		{81C431AC-A5B0-433D-8F15-AC9A607D2BB0}.Release|iPhoneSimulator.ActiveCfg = Release|Any CPU
		{81C431AC-A5B0-433D-8F15-AC9A607D2BB0}.Release|iPhoneSimulator.Build.0 = Release|Any CPU
		{81C431AC-A5B0-433D-8F15-AC9A607D2BB0}.Release|iPhoneSimulator.Deploy.0 = Release|Any CPU
		{DAD5EBEF-6E6F-4406-AC79-3EF8F1A019B9}.Ad-Hoc|Any CPU.ActiveCfg = Ad-Hoc|iPhone
		{DAD5EBEF-6E6F-4406-AC79-3EF8F1A019B9}.Ad-Hoc|Any CPU.Build.0 = Ad-Hoc|iPhone
		{DAD5EBEF-6E6F-4406-AC79-3EF8F1A019B9}.Ad-Hoc|Any CPU.Deploy.0 = Ad-Hoc|iPhone
		{DAD5EBEF-6E6F-4406-AC79-3EF8F1A019B9}.Ad-Hoc|iPhone.ActiveCfg = Ad-Hoc|iPhone
		{DAD5EBEF-6E6F-4406-AC79-3EF8F1A019B9}.Ad-Hoc|iPhone.Build.0 = Ad-Hoc|iPhone
		{DAD5EBEF-6E6F-4406-AC79-3EF8F1A019B9}.Ad-Hoc|iPhone.Deploy.0 = Ad-Hoc|iPhone
		{DAD5EBEF-6E6F-4406-AC79-3EF8F1A019B9}.Ad-Hoc|iPhoneSimulator.ActiveCfg = Ad-Hoc|iPhoneSimulator
		{DAD5EBEF-6E6F-4406-AC79-3EF8F1A019B9}.Ad-Hoc|iPhoneSimulator.Build.0 = Ad-Hoc|iPhoneSimulator
		{DAD5EBEF-6E6F-4406-AC79-3EF8F1A019B9}.Ad-Hoc|iPhoneSimulator.Deploy.0 = Ad-Hoc|iPhoneSimulator
		{DAD5EBEF-6E6F-4406-AC79-3EF8F1A019B9}.AppStore|Any CPU.ActiveCfg = AppStore|iPhone
		{DAD5EBEF-6E6F-4406-AC79-3EF8F1A019B9}.AppStore|Any CPU.Build.0 = AppStore|iPhone
		{DAD5EBEF-6E6F-4406-AC79-3EF8F1A019B9}.AppStore|Any CPU.Deploy.0 = AppStore|iPhone
		{DAD5EBEF-6E6F-4406-AC79-3EF8F1A019B9}.AppStore|iPhone.ActiveCfg = AppStore|iPhone
		{DAD5EBEF-6E6F-4406-AC79-3EF8F1A019B9}.AppStore|iPhone.Build.0 = AppStore|iPhone
		{DAD5EBEF-6E6F-4406-AC79-3EF8F1A019B9}.AppStore|iPhone.Deploy.0 = AppStore|iPhone
		{DAD5EBEF-6E6F-4406-AC79-3EF8F1A019B9}.AppStore|iPhoneSimulator.ActiveCfg = AppStore|iPhoneSimulator
		{DAD5EBEF-6E6F-4406-AC79-3EF8F1A019B9}.AppStore|iPhoneSimulator.Build.0 = AppStore|iPhoneSimulator
		{DAD5EBEF-6E6F-4406-AC79-3EF8F1A019B9}.AppStore|iPhoneSimulator.Deploy.0 = AppStore|iPhoneSimulator
		{DAD5EBEF-6E6F-4406-AC79-3EF8F1A019B9}.Debug|Any CPU.ActiveCfg = Debug|iPhoneSimulator
		{DAD5EBEF-6E6F-4406-AC79-3EF8F1A019B9}.Debug|Any CPU.Build.0 = Debug|iPhoneSimulator
		{DAD5EBEF-6E6F-4406-AC79-3EF8F1A019B9}.Debug|Any CPU.Deploy.0 = Debug|iPhoneSimulator
		{DAD5EBEF-6E6F-4406-AC79-3EF8F1A019B9}.Debug|iPhone.ActiveCfg = Debug|iPhone
		{DAD5EBEF-6E6F-4406-AC79-3EF8F1A019B9}.Debug|iPhone.Build.0 = Debug|iPhone
		{DAD5EBEF-6E6F-4406-AC79-3EF8F1A019B9}.Debug|iPhone.Deploy.0 = Debug|iPhone
		{DAD5EBEF-6E6F-4406-AC79-3EF8F1A019B9}.Debug|iPhoneSimulator.ActiveCfg = Debug|iPhoneSimulator
		{DAD5EBEF-6E6F-4406-AC79-3EF8F1A019B9}.Debug|iPhoneSimulator.Build.0 = Debug|iPhoneSimulator
		{DAD5EBEF-6E6F-4406-AC79-3EF8F1A019B9}.Debug|iPhoneSimulator.Deploy.0 = Debug|iPhoneSimulator
		{DAD5EBEF-6E6F-4406-AC79-3EF8F1A019B9}.Release|Any CPU.ActiveCfg = Release|iPhone
		{DAD5EBEF-6E6F-4406-AC79-3EF8F1A019B9}.Release|Any CPU.Build.0 = Release|iPhone
		{DAD5EBEF-6E6F-4406-AC79-3EF8F1A019B9}.Release|Any CPU.Deploy.0 = Release|iPhone
		{DAD5EBEF-6E6F-4406-AC79-3EF8F1A019B9}.Release|iPhone.ActiveCfg = Release|iPhone
		{DAD5EBEF-6E6F-4406-AC79-3EF8F1A019B9}.Release|iPhone.Build.0 = Release|iPhone
		{DAD5EBEF-6E6F-4406-AC79-3EF8F1A019B9}.Release|iPhone.Deploy.0 = Release|iPhone
		{DAD5EBEF-6E6F-4406-AC79-3EF8F1A019B9}.Release|iPhoneSimulator.ActiveCfg = Release|iPhoneSimulator
		{DAD5EBEF-6E6F-4406-AC79-3EF8F1A019B9}.Release|iPhoneSimulator.Build.0 = Release|iPhoneSimulator
		{DAD5EBEF-6E6F-4406-AC79-3EF8F1A019B9}.Release|iPhoneSimulator.Deploy.0 = Release|iPhoneSimulator
		{B46E4DF5-F8E4-4D96-B61C-4394EFDFAB1D}.Ad-Hoc|Any CPU.ActiveCfg = Debug|Any CPU
		{B46E4DF5-F8E4-4D96-B61C-4394EFDFAB1D}.Ad-Hoc|Any CPU.Build.0 = Debug|Any CPU
		{B46E4DF5-F8E4-4D96-B61C-4394EFDFAB1D}.Ad-Hoc|Any CPU.Deploy.0 = Debug|Any CPU
		{B46E4DF5-F8E4-4D96-B61C-4394EFDFAB1D}.Ad-Hoc|iPhone.ActiveCfg = Debug|Any CPU
		{B46E4DF5-F8E4-4D96-B61C-4394EFDFAB1D}.Ad-Hoc|iPhone.Build.0 = Debug|Any CPU
		{B46E4DF5-F8E4-4D96-B61C-4394EFDFAB1D}.Ad-Hoc|iPhone.Deploy.0 = Debug|Any CPU
		{B46E4DF5-F8E4-4D96-B61C-4394EFDFAB1D}.Ad-Hoc|iPhoneSimulator.ActiveCfg = Debug|Any CPU
		{B46E4DF5-F8E4-4D96-B61C-4394EFDFAB1D}.Ad-Hoc|iPhoneSimulator.Build.0 = Debug|Any CPU
		{B46E4DF5-F8E4-4D96-B61C-4394EFDFAB1D}.Ad-Hoc|iPhoneSimulator.Deploy.0 = Debug|Any CPU
		{B46E4DF5-F8E4-4D96-B61C-4394EFDFAB1D}.AppStore|Any CPU.ActiveCfg = Debug|Any CPU
		{B46E4DF5-F8E4-4D96-B61C-4394EFDFAB1D}.AppStore|Any CPU.Build.0 = Debug|Any CPU
		{B46E4DF5-F8E4-4D96-B61C-4394EFDFAB1D}.AppStore|Any CPU.Deploy.0 = Debug|Any CPU
		{B46E4DF5-F8E4-4D96-B61C-4394EFDFAB1D}.AppStore|iPhone.ActiveCfg = Debug|Any CPU
		{B46E4DF5-F8E4-4D96-B61C-4394EFDFAB1D}.AppStore|iPhone.Build.0 = Debug|Any CPU
		{B46E4DF5-F8E4-4D96-B61C-4394EFDFAB1D}.AppStore|iPhone.Deploy.0 = Debug|Any CPU
		{B46E4DF5-F8E4-4D96-B61C-4394EFDFAB1D}.AppStore|iPhoneSimulator.ActiveCfg = Debug|Any CPU
		{B46E4DF5-F8E4-4D96-B61C-4394EFDFAB1D}.AppStore|iPhoneSimulator.Build.0 = Debug|Any CPU
		{B46E4DF5-F8E4-4D96-B61C-4394EFDFAB1D}.AppStore|iPhoneSimulator.Deploy.0 = Debug|Any CPU
		{B46E4DF5-F8E4-4D96-B61C-4394EFDFAB1D}.Debug|Any CPU.ActiveCfg = Debug|Any CPU
		{B46E4DF5-F8E4-4D96-B61C-4394EFDFAB1D}.Debug|Any CPU.Build.0 = Debug|Any CPU
		{B46E4DF5-F8E4-4D96-B61C-4394EFDFAB1D}.Debug|Any CPU.Deploy.0 = Debug|Any CPU
		{B46E4DF5-F8E4-4D96-B61C-4394EFDFAB1D}.Debug|iPhone.ActiveCfg = Debug|Any CPU
		{B46E4DF5-F8E4-4D96-B61C-4394EFDFAB1D}.Debug|iPhone.Build.0 = Debug|Any CPU
		{B46E4DF5-F8E4-4D96-B61C-4394EFDFAB1D}.Debug|iPhone.Deploy.0 = Debug|Any CPU
		{B46E4DF5-F8E4-4D96-B61C-4394EFDFAB1D}.Debug|iPhoneSimulator.ActiveCfg = Debug|Any CPU
		{B46E4DF5-F8E4-4D96-B61C-4394EFDFAB1D}.Debug|iPhoneSimulator.Build.0 = Debug|Any CPU
		{B46E4DF5-F8E4-4D96-B61C-4394EFDFAB1D}.Debug|iPhoneSimulator.Deploy.0 = Debug|Any CPU
		{B46E4DF5-F8E4-4D96-B61C-4394EFDFAB1D}.Release|Any CPU.ActiveCfg = Release|Any CPU
		{B46E4DF5-F8E4-4D96-B61C-4394EFDFAB1D}.Release|Any CPU.Build.0 = Release|Any CPU
		{B46E4DF5-F8E4-4D96-B61C-4394EFDFAB1D}.Release|Any CPU.Deploy.0 = Release|Any CPU
		{B46E4DF5-F8E4-4D96-B61C-4394EFDFAB1D}.Release|iPhone.ActiveCfg = Release|Any CPU
		{B46E4DF5-F8E4-4D96-B61C-4394EFDFAB1D}.Release|iPhone.Build.0 = Release|Any CPU
		{B46E4DF5-F8E4-4D96-B61C-4394EFDFAB1D}.Release|iPhone.Deploy.0 = Release|Any CPU
		{B46E4DF5-F8E4-4D96-B61C-4394EFDFAB1D}.Release|iPhoneSimulator.ActiveCfg = Release|Any CPU
		{B46E4DF5-F8E4-4D96-B61C-4394EFDFAB1D}.Release|iPhoneSimulator.Build.0 = Release|Any CPU
		{B46E4DF5-F8E4-4D96-B61C-4394EFDFAB1D}.Release|iPhoneSimulator.Deploy.0 = Release|Any CPU
	EndGlobalSection
	GlobalSection(SolutionProperties) = preSolution
		HideSolutionNode = FALSE
	EndGlobalSection
	GlobalSection(ExtensibilityGlobals) = postSolution
		SolutionGuid = {1E7E876A-EF61-4588-8B51-5D60367E3D05}
	EndGlobalSection
EndGlobal
